// !$*UTF8*$!
{
	archiveVersion = 1;
	classes = {
	};
	objectVersion = 46;
	objects = {

/* Begin PBXBuildFile section */
		244480D5193C384600D50AAF /* Next.m in Sources */ = {isa = PBXBuildFile; fileRef = 244480D4193C384600D50AAF /* Next.m */; };
		246F825F193C0070004BC311 /* Foundation.framework in Frameworks */ = {isa = PBXBuildFile; fileRef = 246F825E193C0070004BC311 /* Foundation.framework */; };
		246F8261193C0070004BC311 /* CoreGraphics.framework in Frameworks */ = {isa = PBXBuildFile; fileRef = 246F8260193C0070004BC311 /* CoreGraphics.framework */; };
		246F8263193C0070004BC311 /* UIKit.framework in Frameworks */ = {isa = PBXBuildFile; fileRef = 246F8262193C0070004BC311 /* UIKit.framework */; };
		246F8269193C0070004BC311 /* InfoPlist.strings in Resources */ = {isa = PBXBuildFile; fileRef = 246F8267193C0070004BC311 /* InfoPlist.strings */; };
		246F826B193C0070004BC311 /* main.m in Sources */ = {isa = PBXBuildFile; fileRef = 246F826A193C0070004BC311 /* main.m */; };
		246F826F193C0070004BC311 /* AppDelegate.m in Sources */ = {isa = PBXBuildFile; fileRef = 246F826E193C0070004BC311 /* AppDelegate.m */; };
		246F8272193C0070004BC311 /* Main.storyboard in Resources */ = {isa = PBXBuildFile; fileRef = 246F8270193C0070004BC311 /* Main.storyboard */; };
		246F8275193C0070004BC311 /* ViewController.m in Sources */ = {isa = PBXBuildFile; fileRef = 246F8274193C0070004BC311 /* ViewController.m */; };
		246F8277193C0070004BC311 /* Images.xcassets in Resources */ = {isa = PBXBuildFile; fileRef = 246F8276193C0070004BC311 /* Images.xcassets */; };
		246F827E193C0070004BC311 /* XCTest.framework in Frameworks */ = {isa = PBXBuildFile; fileRef = 246F827D193C0070004BC311 /* XCTest.framework */; };
		246F827F193C0070004BC311 /* Foundation.framework in Frameworks */ = {isa = PBXBuildFile; fileRef = 246F825E193C0070004BC311 /* Foundation.framework */; };
		246F8280193C0070004BC311 /* UIKit.framework in Frameworks */ = {isa = PBXBuildFile; fileRef = 246F8262193C0070004BC311 /* UIKit.framework */; };
		246F8288193C0070004BC311 /* InfoPlist.strings in Resources */ = {isa = PBXBuildFile; fileRef = 246F8286193C0070004BC311 /* InfoPlist.strings */; };
		246F828A193C0070004BC311 /* proximityTests.m in Sources */ = {isa = PBXBuildFile; fileRef = 246F8289193C0070004BC311 /* proximityTests.m */; };
		544FF857193F5C2500D5781E /* ELCAlbumPickerController.m in Sources */ = {isa = PBXBuildFile; fileRef = 544FF842193F5C2500D5781E /* ELCAlbumPickerController.m */; };
		544FF858193F5C2500D5781E /* ELCAsset.m in Sources */ = {isa = PBXBuildFile; fileRef = 544FF844193F5C2500D5781E /* ELCAsset.m */; };
		544FF859193F5C2500D5781E /* ELCAssetCell.m in Sources */ = {isa = PBXBuildFile; fileRef = 544FF846193F5C2500D5781E /* ELCAssetCell.m */; };
		544FF85A193F5C2500D5781E /* ELCAssetTablePicker.m in Sources */ = {isa = PBXBuildFile; fileRef = 544FF84A193F5C2500D5781E /* ELCAssetTablePicker.m */; };
		544FF85B193F5C2500D5781E /* ELCImagePickerController.m in Sources */ = {isa = PBXBuildFile; fileRef = 544FF84C193F5C2500D5781E /* ELCImagePickerController.m */; };
		544FF85C193F5C2500D5781E /* ELCAlbumPickerController.xib in Resources */ = {isa = PBXBuildFile; fileRef = 544FF84E193F5C2500D5781E /* ELCAlbumPickerController.xib */; };
		544FF85D193F5C2500D5781E /* ELCAssetPicker.xib in Resources */ = {isa = PBXBuildFile; fileRef = 544FF84F193F5C2500D5781E /* ELCAssetPicker.xib */; };
		544FF85E193F5C2500D5781E /* ELCAssetTablePicker.xib in Resources */ = {isa = PBXBuildFile; fileRef = 544FF850193F5C2500D5781E /* ELCAssetTablePicker.xib */; };
		544FF85F193F5C2500D5781E /* Overlay.png in Resources */ = {isa = PBXBuildFile; fileRef = 544FF851193F5C2500D5781E /* Overlay.png */; };
		544FF860193F5C2500D5781E /* Overlay@2x.png in Resources */ = {isa = PBXBuildFile; fileRef = 544FF852193F5C2500D5781E /* Overlay@2x.png */; };
		544FF887193F5C9A00D5781E /* GCDWebServer.m in Sources */ = {isa = PBXBuildFile; fileRef = 544FF866193F5C9A00D5781E /* GCDWebServer.m */; };
		544FF888193F5C9A00D5781E /* GCDWebServerConnection.m in Sources */ = {isa = PBXBuildFile; fileRef = 544FF868193F5C9A00D5781E /* GCDWebServerConnection.m */; };
		544FF889193F5C9A00D5781E /* GCDWebServerFunctions.m in Sources */ = {isa = PBXBuildFile; fileRef = 544FF86A193F5C9A00D5781E /* GCDWebServerFunctions.m */; };
		544FF88A193F5C9A00D5781E /* GCDWebServerRequest.m in Sources */ = {isa = PBXBuildFile; fileRef = 544FF86E193F5C9A00D5781E /* GCDWebServerRequest.m */; };
		544FF88B193F5C9A00D5781E /* GCDWebServerResponse.m in Sources */ = {isa = PBXBuildFile; fileRef = 544FF870193F5C9A00D5781E /* GCDWebServerResponse.m */; };
		544FF88C193F5C9A00D5781E /* GCDWebServerDataRequest.m in Sources */ = {isa = PBXBuildFile; fileRef = 544FF873193F5C9A00D5781E /* GCDWebServerDataRequest.m */; };
		544FF88D193F5C9A00D5781E /* GCDWebServerFileRequest.m in Sources */ = {isa = PBXBuildFile; fileRef = 544FF875193F5C9A00D5781E /* GCDWebServerFileRequest.m */; };
		544FF88E193F5C9A00D5781E /* GCDWebServerMultiPartFormRequest.m in Sources */ = {isa = PBXBuildFile; fileRef = 544FF877193F5C9A00D5781E /* GCDWebServerMultiPartFormRequest.m */; };
		544FF88F193F5C9A00D5781E /* GCDWebServerURLEncodedFormRequest.m in Sources */ = {isa = PBXBuildFile; fileRef = 544FF879193F5C9A00D5781E /* GCDWebServerURLEncodedFormRequest.m */; };
		544FF890193F5C9A00D5781E /* GCDWebServerDataResponse.m in Sources */ = {isa = PBXBuildFile; fileRef = 544FF87C193F5C9A00D5781E /* GCDWebServerDataResponse.m */; };
		544FF891193F5C9A00D5781E /* GCDWebServerErrorResponse.m in Sources */ = {isa = PBXBuildFile; fileRef = 544FF87E193F5C9A00D5781E /* GCDWebServerErrorResponse.m */; };
		544FF892193F5C9A00D5781E /* GCDWebServerFileResponse.m in Sources */ = {isa = PBXBuildFile; fileRef = 544FF880193F5C9A00D5781E /* GCDWebServerFileResponse.m */; };
		544FF893193F5C9A00D5781E /* GCDWebServerStreamedResponse.m in Sources */ = {isa = PBXBuildFile; fileRef = 544FF882193F5C9A00D5781E /* GCDWebServerStreamedResponse.m */; };
		544FF894193F5C9A00D5781E /* GCDWebUploader.bundle in Resources */ = {isa = PBXBuildFile; fileRef = 544FF884193F5C9A00D5781E /* GCDWebUploader.bundle */; };
		544FF895193F5C9A00D5781E /* GCDWebUploader.m in Sources */ = {isa = PBXBuildFile; fileRef = 544FF886193F5C9A00D5781E /* GCDWebUploader.m */; };
		544FF897193F5CC600D5781E /* MobileCoreServices.framework in Frameworks */ = {isa = PBXBuildFile; fileRef = 544FF896193F5CC600D5781E /* MobileCoreServices.framework */; };
		544FF899193F5CCC00D5781E /* CFNetwork.framework in Frameworks */ = {isa = PBXBuildFile; fileRef = 544FF898193F5CCC00D5781E /* CFNetwork.framework */; };
		544FF89B193F5CD100D5781E /* libxml2.dylib in Frameworks */ = {isa = PBXBuildFile; fileRef = 544FF89A193F5CD100D5781E /* libxml2.dylib */; };
		544FF89D193F5CDA00D5781E /* libz.dylib in Frameworks */ = {isa = PBXBuildFile; fileRef = 544FF89C193F5CDA00D5781E /* libz.dylib */; };
		5465D51F193DDC6F005D589A /* AssetsLibrary.framework in Frameworks */ = {isa = PBXBuildFile; fileRef = 5465D51E193DDC6F005D589A /* AssetsLibrary.framework */; };
/* End PBXBuildFile section */

/* Begin PBXContainerItemProxy section */
		246F8281193C0070004BC311 /* PBXContainerItemProxy */ = {
			isa = PBXContainerItemProxy;
			containerPortal = 246F8253193C0070004BC311 /* Project object */;
			proxyType = 1;
			remoteGlobalIDString = 246F825A193C0070004BC311;
			remoteInfo = proximity;
		};
/* End PBXContainerItemProxy section */

/* Begin PBXFileReference section */
		244480D3193C384600D50AAF /* Next.h */ = {isa = PBXFileReference; fileEncoding = 4; lastKnownFileType = sourcecode.c.h; name = Next.h; path = ../Next.h; sourceTree = "<group>"; };
		244480D4193C384600D50AAF /* Next.m */ = {isa = PBXFileReference; fileEncoding = 4; lastKnownFileType = sourcecode.c.objc; name = Next.m; path = ../Next.m; sourceTree = "<group>"; };
		246F825B193C0070004BC311 /* proximity.app */ = {isa = PBXFileReference; explicitFileType = wrapper.application; includeInIndex = 0; path = proximity.app; sourceTree = BUILT_PRODUCTS_DIR; };
		246F825E193C0070004BC311 /* Foundation.framework */ = {isa = PBXFileReference; lastKnownFileType = wrapper.framework; name = Foundation.framework; path = System/Library/Frameworks/Foundation.framework; sourceTree = SDKROOT; };
		246F8260193C0070004BC311 /* CoreGraphics.framework */ = {isa = PBXFileReference; lastKnownFileType = wrapper.framework; name = CoreGraphics.framework; path = System/Library/Frameworks/CoreGraphics.framework; sourceTree = SDKROOT; };
		246F8262193C0070004BC311 /* UIKit.framework */ = {isa = PBXFileReference; lastKnownFileType = wrapper.framework; name = UIKit.framework; path = System/Library/Frameworks/UIKit.framework; sourceTree = SDKROOT; };
		246F8266193C0070004BC311 /* proximity-Info.plist */ = {isa = PBXFileReference; lastKnownFileType = text.plist.xml; path = "proximity-Info.plist"; sourceTree = "<group>"; };
		246F8268193C0070004BC311 /* en */ = {isa = PBXFileReference; lastKnownFileType = text.plist.strings; name = en; path = en.lproj/InfoPlist.strings; sourceTree = "<group>"; };
		246F826A193C0070004BC311 /* main.m */ = {isa = PBXFileReference; lastKnownFileType = sourcecode.c.objc; path = main.m; sourceTree = "<group>"; };
		246F826C193C0070004BC311 /* proximity-Prefix.pch */ = {isa = PBXFileReference; lastKnownFileType = sourcecode.c.h; path = "proximity-Prefix.pch"; sourceTree = "<group>"; };
		246F826D193C0070004BC311 /* AppDelegate.h */ = {isa = PBXFileReference; lastKnownFileType = sourcecode.c.h; path = AppDelegate.h; sourceTree = "<group>"; };
		246F826E193C0070004BC311 /* AppDelegate.m */ = {isa = PBXFileReference; lastKnownFileType = sourcecode.c.objc; path = AppDelegate.m; sourceTree = "<group>"; };
		246F8271193C0070004BC311 /* Base */ = {isa = PBXFileReference; lastKnownFileType = file.storyboard; name = Base; path = Base.lproj/Main.storyboard; sourceTree = "<group>"; };
		246F8273193C0070004BC311 /* ViewController.h */ = {isa = PBXFileReference; lastKnownFileType = sourcecode.c.h; path = ViewController.h; sourceTree = "<group>"; };
		246F8274193C0070004BC311 /* ViewController.m */ = {isa = PBXFileReference; lastKnownFileType = sourcecode.c.objc; path = ViewController.m; sourceTree = "<group>"; };
		246F8276193C0070004BC311 /* Images.xcassets */ = {isa = PBXFileReference; lastKnownFileType = folder.assetcatalog; path = Images.xcassets; sourceTree = "<group>"; };
		246F827C193C0070004BC311 /* proximityTests.xctest */ = {isa = PBXFileReference; explicitFileType = wrapper.cfbundle; includeInIndex = 0; path = proximityTests.xctest; sourceTree = BUILT_PRODUCTS_DIR; };
		246F827D193C0070004BC311 /* XCTest.framework */ = {isa = PBXFileReference; lastKnownFileType = wrapper.framework; name = XCTest.framework; path = Library/Frameworks/XCTest.framework; sourceTree = DEVELOPER_DIR; };
		246F8285193C0070004BC311 /* proximityTests-Info.plist */ = {isa = PBXFileReference; lastKnownFileType = text.plist.xml; path = "proximityTests-Info.plist"; sourceTree = "<group>"; };
		246F8287193C0070004BC311 /* en */ = {isa = PBXFileReference; lastKnownFileType = text.plist.strings; name = en; path = en.lproj/InfoPlist.strings; sourceTree = "<group>"; };
		246F8289193C0070004BC311 /* proximityTests.m */ = {isa = PBXFileReference; lastKnownFileType = sourcecode.c.objc; path = proximityTests.m; sourceTree = "<group>"; };
		544FF841193F5C2500D5781E /* ELCAlbumPickerController.h */ = {isa = PBXFileReference; fileEncoding = 4; lastKnownFileType = sourcecode.c.h; path = ELCAlbumPickerController.h; sourceTree = "<group>"; };
		544FF842193F5C2500D5781E /* ELCAlbumPickerController.m */ = {isa = PBXFileReference; fileEncoding = 4; lastKnownFileType = sourcecode.c.objc; path = ELCAlbumPickerController.m; sourceTree = "<group>"; };
		544FF843193F5C2500D5781E /* ELCAsset.h */ = {isa = PBXFileReference; fileEncoding = 4; lastKnownFileType = sourcecode.c.h; path = ELCAsset.h; sourceTree = "<group>"; };
		544FF844193F5C2500D5781E /* ELCAsset.m */ = {isa = PBXFileReference; fileEncoding = 4; lastKnownFileType = sourcecode.c.objc; path = ELCAsset.m; sourceTree = "<group>"; };
		544FF845193F5C2500D5781E /* ELCAssetCell.h */ = {isa = PBXFileReference; fileEncoding = 4; lastKnownFileType = sourcecode.c.h; path = ELCAssetCell.h; sourceTree = "<group>"; };
		544FF846193F5C2500D5781E /* ELCAssetCell.m */ = {isa = PBXFileReference; fileEncoding = 4; lastKnownFileType = sourcecode.c.objc; path = ELCAssetCell.m; sourceTree = "<group>"; };
		544FF847193F5C2500D5781E /* ELCAssetPickerFilterDelegate.h */ = {isa = PBXFileReference; fileEncoding = 4; lastKnownFileType = sourcecode.c.h; path = ELCAssetPickerFilterDelegate.h; sourceTree = "<group>"; };
		544FF848193F5C2500D5781E /* ELCAssetSelectionDelegate.h */ = {isa = PBXFileReference; fileEncoding = 4; lastKnownFileType = sourcecode.c.h; path = ELCAssetSelectionDelegate.h; sourceTree = "<group>"; };
		544FF849193F5C2500D5781E /* ELCAssetTablePicker.h */ = {isa = PBXFileReference; fileEncoding = 4; lastKnownFileType = sourcecode.c.h; path = ELCAssetTablePicker.h; sourceTree = "<group>"; };
		544FF84A193F5C2500D5781E /* ELCAssetTablePicker.m */ = {isa = PBXFileReference; fileEncoding = 4; lastKnownFileType = sourcecode.c.objc; path = ELCAssetTablePicker.m; sourceTree = "<group>"; };
		544FF84B193F5C2500D5781E /* ELCImagePickerController.h */ = {isa = PBXFileReference; fileEncoding = 4; lastKnownFileType = sourcecode.c.h; path = ELCImagePickerController.h; sourceTree = "<group>"; };
		544FF84C193F5C2500D5781E /* ELCImagePickerController.m */ = {isa = PBXFileReference; fileEncoding = 4; lastKnownFileType = sourcecode.c.objc; path = ELCImagePickerController.m; sourceTree = "<group>"; };
		544FF84E193F5C2500D5781E /* ELCAlbumPickerController.xib */ = {isa = PBXFileReference; fileEncoding = 4; lastKnownFileType = file.xib; path = ELCAlbumPickerController.xib; sourceTree = "<group>"; };
		544FF84F193F5C2500D5781E /* ELCAssetPicker.xib */ = {isa = PBXFileReference; fileEncoding = 4; lastKnownFileType = file.xib; path = ELCAssetPicker.xib; sourceTree = "<group>"; };
		544FF850193F5C2500D5781E /* ELCAssetTablePicker.xib */ = {isa = PBXFileReference; fileEncoding = 4; lastKnownFileType = file.xib; path = ELCAssetTablePicker.xib; sourceTree = "<group>"; };
		544FF851193F5C2500D5781E /* Overlay.png */ = {isa = PBXFileReference; lastKnownFileType = image.png; path = Overlay.png; sourceTree = "<group>"; };
		544FF852193F5C2500D5781E /* Overlay@2x.png */ = {isa = PBXFileReference; lastKnownFileType = image.png; path = "Overlay@2x.png"; sourceTree = "<group>"; };
		544FF865193F5C9A00D5781E /* GCDWebServer.h */ = {isa = PBXFileReference; fileEncoding = 4; lastKnownFileType = sourcecode.c.h; path = GCDWebServer.h; sourceTree = "<group>"; };
		544FF866193F5C9A00D5781E /* GCDWebServer.m */ = {isa = PBXFileReference; fileEncoding = 4; lastKnownFileType = sourcecode.c.objc; path = GCDWebServer.m; sourceTree = "<group>"; };
		544FF867193F5C9A00D5781E /* GCDWebServerConnection.h */ = {isa = PBXFileReference; fileEncoding = 4; lastKnownFileType = sourcecode.c.h; path = GCDWebServerConnection.h; sourceTree = "<group>"; };
		544FF868193F5C9A00D5781E /* GCDWebServerConnection.m */ = {isa = PBXFileReference; fileEncoding = 4; lastKnownFileType = sourcecode.c.objc; path = GCDWebServerConnection.m; sourceTree = "<group>"; };
		544FF869193F5C9A00D5781E /* GCDWebServerFunctions.h */ = {isa = PBXFileReference; fileEncoding = 4; lastKnownFileType = sourcecode.c.h; path = GCDWebServerFunctions.h; sourceTree = "<group>"; };
		544FF86A193F5C9A00D5781E /* GCDWebServerFunctions.m */ = {isa = PBXFileReference; fileEncoding = 4; lastKnownFileType = sourcecode.c.objc; path = GCDWebServerFunctions.m; sourceTree = "<group>"; };
		544FF86B193F5C9A00D5781E /* GCDWebServerHTTPStatusCodes.h */ = {isa = PBXFileReference; fileEncoding = 4; lastKnownFileType = sourcecode.c.h; path = GCDWebServerHTTPStatusCodes.h; sourceTree = "<group>"; };
		544FF86C193F5C9A00D5781E /* GCDWebServerPrivate.h */ = {isa = PBXFileReference; fileEncoding = 4; lastKnownFileType = sourcecode.c.h; path = GCDWebServerPrivate.h; sourceTree = "<group>"; };
		544FF86D193F5C9A00D5781E /* GCDWebServerRequest.h */ = {isa = PBXFileReference; fileEncoding = 4; lastKnownFileType = sourcecode.c.h; path = GCDWebServerRequest.h; sourceTree = "<group>"; };
		544FF86E193F5C9A00D5781E /* GCDWebServerRequest.m */ = {isa = PBXFileReference; fileEncoding = 4; lastKnownFileType = sourcecode.c.objc; path = GCDWebServerRequest.m; sourceTree = "<group>"; };
		544FF86F193F5C9A00D5781E /* GCDWebServerResponse.h */ = {isa = PBXFileReference; fileEncoding = 4; lastKnownFileType = sourcecode.c.h; path = GCDWebServerResponse.h; sourceTree = "<group>"; };
		544FF870193F5C9A00D5781E /* GCDWebServerResponse.m */ = {isa = PBXFileReference; fileEncoding = 4; lastKnownFileType = sourcecode.c.objc; path = GCDWebServerResponse.m; sourceTree = "<group>"; };
		544FF872193F5C9A00D5781E /* GCDWebServerDataRequest.h */ = {isa = PBXFileReference; fileEncoding = 4; lastKnownFileType = sourcecode.c.h; path = GCDWebServerDataRequest.h; sourceTree = "<group>"; };
		544FF873193F5C9A00D5781E /* GCDWebServerDataRequest.m */ = {isa = PBXFileReference; fileEncoding = 4; lastKnownFileType = sourcecode.c.objc; path = GCDWebServerDataRequest.m; sourceTree = "<group>"; };
		544FF874193F5C9A00D5781E /* GCDWebServerFileRequest.h */ = {isa = PBXFileReference; fileEncoding = 4; lastKnownFileType = sourcecode.c.h; path = GCDWebServerFileRequest.h; sourceTree = "<group>"; };
		544FF875193F5C9A00D5781E /* GCDWebServerFileRequest.m */ = {isa = PBXFileReference; fileEncoding = 4; lastKnownFileType = sourcecode.c.objc; path = GCDWebServerFileRequest.m; sourceTree = "<group>"; };
		544FF876193F5C9A00D5781E /* GCDWebServerMultiPartFormRequest.h */ = {isa = PBXFileReference; fileEncoding = 4; lastKnownFileType = sourcecode.c.h; path = GCDWebServerMultiPartFormRequest.h; sourceTree = "<group>"; };
		544FF877193F5C9A00D5781E /* GCDWebServerMultiPartFormRequest.m */ = {isa = PBXFileReference; fileEncoding = 4; lastKnownFileType = sourcecode.c.objc; path = GCDWebServerMultiPartFormRequest.m; sourceTree = "<group>"; };
		544FF878193F5C9A00D5781E /* GCDWebServerURLEncodedFormRequest.h */ = {isa = PBXFileReference; fileEncoding = 4; lastKnownFileType = sourcecode.c.h; path = GCDWebServerURLEncodedFormRequest.h; sourceTree = "<group>"; };
		544FF879193F5C9A00D5781E /* GCDWebServerURLEncodedFormRequest.m */ = {isa = PBXFileReference; fileEncoding = 4; lastKnownFileType = sourcecode.c.objc; path = GCDWebServerURLEncodedFormRequest.m; sourceTree = "<group>"; };
		544FF87B193F5C9A00D5781E /* GCDWebServerDataResponse.h */ = {isa = PBXFileReference; fileEncoding = 4; lastKnownFileType = sourcecode.c.h; path = GCDWebServerDataResponse.h; sourceTree = "<group>"; };
		544FF87C193F5C9A00D5781E /* GCDWebServerDataResponse.m */ = {isa = PBXFileReference; fileEncoding = 4; lastKnownFileType = sourcecode.c.objc; path = GCDWebServerDataResponse.m; sourceTree = "<group>"; };
		544FF87D193F5C9A00D5781E /* GCDWebServerErrorResponse.h */ = {isa = PBXFileReference; fileEncoding = 4; lastKnownFileType = sourcecode.c.h; path = GCDWebServerErrorResponse.h; sourceTree = "<group>"; };
		544FF87E193F5C9A00D5781E /* GCDWebServerErrorResponse.m */ = {isa = PBXFileReference; fileEncoding = 4; lastKnownFileType = sourcecode.c.objc; path = GCDWebServerErrorResponse.m; sourceTree = "<group>"; };
		544FF87F193F5C9A00D5781E /* GCDWebServerFileResponse.h */ = {isa = PBXFileReference; fileEncoding = 4; lastKnownFileType = sourcecode.c.h; path = GCDWebServerFileResponse.h; sourceTree = "<group>"; };
		544FF880193F5C9A00D5781E /* GCDWebServerFileResponse.m */ = {isa = PBXFileReference; fileEncoding = 4; lastKnownFileType = sourcecode.c.objc; path = GCDWebServerFileResponse.m; sourceTree = "<group>"; };
		544FF881193F5C9A00D5781E /* GCDWebServerStreamedResponse.h */ = {isa = PBXFileReference; fileEncoding = 4; lastKnownFileType = sourcecode.c.h; path = GCDWebServerStreamedResponse.h; sourceTree = "<group>"; };
		544FF882193F5C9A00D5781E /* GCDWebServerStreamedResponse.m */ = {isa = PBXFileReference; fileEncoding = 4; lastKnownFileType = sourcecode.c.objc; path = GCDWebServerStreamedResponse.m; sourceTree = "<group>"; };
		544FF884193F5C9A00D5781E /* GCDWebUploader.bundle */ = {isa = PBXFileReference; lastKnownFileType = "wrapper.plug-in"; path = GCDWebUploader.bundle; sourceTree = "<group>"; };
		544FF885193F5C9A00D5781E /* GCDWebUploader.h */ = {isa = PBXFileReference; fileEncoding = 4; lastKnownFileType = sourcecode.c.h; path = GCDWebUploader.h; sourceTree = "<group>"; };
		544FF886193F5C9A00D5781E /* GCDWebUploader.m */ = {isa = PBXFileReference; fileEncoding = 4; lastKnownFileType = sourcecode.c.objc; path = GCDWebUploader.m; sourceTree = "<group>"; };
		544FF896193F5CC600D5781E /* MobileCoreServices.framework */ = {isa = PBXFileReference; lastKnownFileType = wrapper.framework; name = MobileCoreServices.framework; path = System/Library/Frameworks/MobileCoreServices.framework; sourceTree = SDKROOT; };
		544FF898193F5CCC00D5781E /* CFNetwork.framework */ = {isa = PBXFileReference; lastKnownFileType = wrapper.framework; name = CFNetwork.framework; path = System/Library/Frameworks/CFNetwork.framework; sourceTree = SDKROOT; };
		544FF89A193F5CD100D5781E /* libxml2.dylib */ = {isa = PBXFileReference; lastKnownFileType = "compiled.mach-o.dylib"; name = libxml2.dylib; path = usr/lib/libxml2.dylib; sourceTree = SDKROOT; };
		544FF89C193F5CDA00D5781E /* libz.dylib */ = {isa = PBXFileReference; lastKnownFileType = "compiled.mach-o.dylib"; name = libz.dylib; path = usr/lib/libz.dylib; sourceTree = SDKROOT; };
		5465D51E193DDC6F005D589A /* AssetsLibrary.framework */ = {isa = PBXFileReference; lastKnownFileType = wrapper.framework; name = AssetsLibrary.framework; path = System/Library/Frameworks/AssetsLibrary.framework; sourceTree = SDKROOT; };
/* End PBXFileReference section */

/* Begin PBXFrameworksBuildPhase section */
		246F8258193C0070004BC311 /* Frameworks */ = {
			isa = PBXFrameworksBuildPhase;
			buildActionMask = 2147483647;
			files = (
				544FF89D193F5CDA00D5781E /* libz.dylib in Frameworks */,
				544FF89B193F5CD100D5781E /* libxml2.dylib in Frameworks */,
				544FF899193F5CCC00D5781E /* CFNetwork.framework in Frameworks */,
				544FF897193F5CC600D5781E /* MobileCoreServices.framework in Frameworks */,
				5465D51F193DDC6F005D589A /* AssetsLibrary.framework in Frameworks */,
				246F8261193C0070004BC311 /* CoreGraphics.framework in Frameworks */,
				246F8263193C0070004BC311 /* UIKit.framework in Frameworks */,
				246F825F193C0070004BC311 /* Foundation.framework in Frameworks */,
			);
			runOnlyForDeploymentPostprocessing = 0;
		};
		246F8279193C0070004BC311 /* Frameworks */ = {
			isa = PBXFrameworksBuildPhase;
			buildActionMask = 2147483647;
			files = (
				246F827E193C0070004BC311 /* XCTest.framework in Frameworks */,
				246F8280193C0070004BC311 /* UIKit.framework in Frameworks */,
				246F827F193C0070004BC311 /* Foundation.framework in Frameworks */,
			);
			runOnlyForDeploymentPostprocessing = 0;
		};
/* End PBXFrameworksBuildPhase section */

/* Begin PBXGroup section */
		246F8252193C0070004BC311 = {
			isa = PBXGroup;
			children = (
				246F8264193C0070004BC311 /* proximity */,
				246F8283193C0070004BC311 /* proximityTests */,
				246F825D193C0070004BC311 /* Frameworks */,
				246F825C193C0070004BC311 /* Products */,
			);
			sourceTree = "<group>";
		};
		246F825C193C0070004BC311 /* Products */ = {
			isa = PBXGroup;
			children = (
				246F825B193C0070004BC311 /* proximity.app */,
				246F827C193C0070004BC311 /* proximityTests.xctest */,
			);
			name = Products;
			sourceTree = "<group>";
		};
		246F825D193C0070004BC311 /* Frameworks */ = {
			isa = PBXGroup;
			children = (
				544FF89C193F5CDA00D5781E /* libz.dylib */,
				544FF89A193F5CD100D5781E /* libxml2.dylib */,
				544FF898193F5CCC00D5781E /* CFNetwork.framework */,
				544FF896193F5CC600D5781E /* MobileCoreServices.framework */,
				5465D51E193DDC6F005D589A /* AssetsLibrary.framework */,
				246F825E193C0070004BC311 /* Foundation.framework */,
				246F8260193C0070004BC311 /* CoreGraphics.framework */,
				246F8262193C0070004BC311 /* UIKit.framework */,
				246F827D193C0070004BC311 /* XCTest.framework */,
			);
			name = Frameworks;
			sourceTree = "<group>";
		};
		246F8264193C0070004BC311 /* proximity */ = {
			isa = PBXGroup;
			children = (
				246F826D193C0070004BC311 /* AppDelegate.h */,
				246F826E193C0070004BC311 /* AppDelegate.m */,
				246F8270193C0070004BC311 /* Main.storyboard */,
				246F8273193C0070004BC311 /* ViewController.h */,
				246F8274193C0070004BC311 /* ViewController.m */,
				244480D3193C384600D50AAF /* Next.h */,
				244480D4193C384600D50AAF /* Next.m */,
				246F8276193C0070004BC311 /* Images.xcassets */,
				246F8265193C0070004BC311 /* Supporting Files */,
			);
			path = proximity;
			sourceTree = "<group>";
		};
		246F8265193C0070004BC311 /* Supporting Files */ = {
			isa = PBXGroup;
			children = (
				544FF83F193F5C2500D5781E /* Classes */,
				246F8266193C0070004BC311 /* proximity-Info.plist */,
				246F8267193C0070004BC311 /* InfoPlist.strings */,
				246F826A193C0070004BC311 /* main.m */,
				246F826C193C0070004BC311 /* proximity-Prefix.pch */,
			);
			name = "Supporting Files";
			sourceTree = "<group>";
		};
		246F8283193C0070004BC311 /* proximityTests */ = {
			isa = PBXGroup;
			children = (
				246F8289193C0070004BC311 /* proximityTests.m */,
				246F8284193C0070004BC311 /* Supporting Files */,
			);
			path = proximityTests;
			sourceTree = "<group>";
		};
		246F8284193C0070004BC311 /* Supporting Files */ = {
			isa = PBXGroup;
			children = (
				246F8285193C0070004BC311 /* proximityTests-Info.plist */,
				246F8286193C0070004BC311 /* InfoPlist.strings */,
			);
			name = "Supporting Files";
			sourceTree = "<group>";
		};
		544FF83F193F5C2500D5781E /* Classes */ = {
			isa = PBXGroup;
			children = (
				544FF863193F5C9A00D5781E /* GCDWebServer */,
				544FF883193F5C9A00D5781E /* GCDWebUploader */,
				544FF840193F5C2500D5781E /* ELCImagePicker */,
			);
			path = Classes;
			sourceTree = "<group>";
		};
		544FF840193F5C2500D5781E /* ELCImagePicker */ = {
			isa = PBXGroup;
			children = (
				544FF841193F5C2500D5781E /* ELCAlbumPickerController.h */,
				544FF842193F5C2500D5781E /* ELCAlbumPickerController.m */,
				544FF843193F5C2500D5781E /* ELCAsset.h */,
				544FF844193F5C2500D5781E /* ELCAsset.m */,
				544FF845193F5C2500D5781E /* ELCAssetCell.h */,
				544FF846193F5C2500D5781E /* ELCAssetCell.m */,
				544FF847193F5C2500D5781E /* ELCAssetPickerFilterDelegate.h */,
				544FF848193F5C2500D5781E /* ELCAssetSelectionDelegate.h */,
				544FF849193F5C2500D5781E /* ELCAssetTablePicker.h */,
				544FF84A193F5C2500D5781E /* ELCAssetTablePicker.m */,
				544FF84B193F5C2500D5781E /* ELCImagePickerController.h */,
				544FF84C193F5C2500D5781E /* ELCImagePickerController.m */,
				544FF84D193F5C2500D5781E /* Resources */,
			);
			path = ELCImagePicker;
			sourceTree = "<group>";
		};
		544FF84D193F5C2500D5781E /* Resources */ = {
			isa = PBXGroup;
			children = (
				544FF84E193F5C2500D5781E /* ELCAlbumPickerController.xib */,
				544FF84F193F5C2500D5781E /* ELCAssetPicker.xib */,
				544FF850193F5C2500D5781E /* ELCAssetTablePicker.xib */,
				544FF851193F5C2500D5781E /* Overlay.png */,
				544FF852193F5C2500D5781E /* Overlay@2x.png */,
			);
			path = Resources;
			sourceTree = "<group>";
		};
		544FF863193F5C9A00D5781E /* GCDWebServer */ = {
			isa = PBXGroup;
			children = (
				544FF864193F5C9A00D5781E /* Core */,
				544FF871193F5C9A00D5781E /* Requests */,
				544FF87A193F5C9A00D5781E /* Responses */,
			);
			path = GCDWebServer;
			sourceTree = "<group>";
		};
		544FF864193F5C9A00D5781E /* Core */ = {
			isa = PBXGroup;
			children = (
				544FF865193F5C9A00D5781E /* GCDWebServer.h */,
				544FF866193F5C9A00D5781E /* GCDWebServer.m */,
				544FF867193F5C9A00D5781E /* GCDWebServerConnection.h */,
				544FF868193F5C9A00D5781E /* GCDWebServerConnection.m */,
				544FF869193F5C9A00D5781E /* GCDWebServerFunctions.h */,
				544FF86A193F5C9A00D5781E /* GCDWebServerFunctions.m */,
				544FF86B193F5C9A00D5781E /* GCDWebServerHTTPStatusCodes.h */,
				544FF86C193F5C9A00D5781E /* GCDWebServerPrivate.h */,
				544FF86D193F5C9A00D5781E /* GCDWebServerRequest.h */,
				544FF86E193F5C9A00D5781E /* GCDWebServerRequest.m */,
				544FF86F193F5C9A00D5781E /* GCDWebServerResponse.h */,
				544FF870193F5C9A00D5781E /* GCDWebServerResponse.m */,
			);
			path = Core;
			sourceTree = "<group>";
		};
		544FF871193F5C9A00D5781E /* Requests */ = {
			isa = PBXGroup;
			children = (
				544FF872193F5C9A00D5781E /* GCDWebServerDataRequest.h */,
				544FF873193F5C9A00D5781E /* GCDWebServerDataRequest.m */,
				544FF874193F5C9A00D5781E /* GCDWebServerFileRequest.h */,
				544FF875193F5C9A00D5781E /* GCDWebServerFileRequest.m */,
				544FF876193F5C9A00D5781E /* GCDWebServerMultiPartFormRequest.h */,
				544FF877193F5C9A00D5781E /* GCDWebServerMultiPartFormRequest.m */,
				544FF878193F5C9A00D5781E /* GCDWebServerURLEncodedFormRequest.h */,
				544FF879193F5C9A00D5781E /* GCDWebServerURLEncodedFormRequest.m */,
			);
			path = Requests;
			sourceTree = "<group>";
		};
		544FF87A193F5C9A00D5781E /* Responses */ = {
			isa = PBXGroup;
			children = (
				544FF87B193F5C9A00D5781E /* GCDWebServerDataResponse.h */,
				544FF87C193F5C9A00D5781E /* GCDWebServerDataResponse.m */,
				544FF87D193F5C9A00D5781E /* GCDWebServerErrorResponse.h */,
				544FF87E193F5C9A00D5781E /* GCDWebServerErrorResponse.m */,
				544FF87F193F5C9A00D5781E /* GCDWebServerFileResponse.h */,
				544FF880193F5C9A00D5781E /* GCDWebServerFileResponse.m */,
				544FF881193F5C9A00D5781E /* GCDWebServerStreamedResponse.h */,
				544FF882193F5C9A00D5781E /* GCDWebServerStreamedResponse.m */,
			);
			path = Responses;
			sourceTree = "<group>";
		};
		544FF883193F5C9A00D5781E /* GCDWebUploader */ = {
			isa = PBXGroup;
			children = (
				544FF884193F5C9A00D5781E /* GCDWebUploader.bundle */,
				544FF885193F5C9A00D5781E /* GCDWebUploader.h */,
				544FF886193F5C9A00D5781E /* GCDWebUploader.m */,
			);
			path = GCDWebUploader;
			sourceTree = "<group>";
		};
/* End PBXGroup section */

/* Begin PBXNativeTarget section */
		246F825A193C0070004BC311 /* proximity */ = {
			isa = PBXNativeTarget;
			buildConfigurationList = 246F828D193C0070004BC311 /* Build configuration list for PBXNativeTarget "proximity" */;
			buildPhases = (
				246F8257193C0070004BC311 /* Sources */,
				246F8258193C0070004BC311 /* Frameworks */,
				246F8259193C0070004BC311 /* Resources */,
			);
			buildRules = (
			);
			dependencies = (
			);
			name = proximity;
			productName = proximity;
			productReference = 246F825B193C0070004BC311 /* proximity.app */;
			productType = "com.apple.product-type.application";
		};
		246F827B193C0070004BC311 /* proximityTests */ = {
			isa = PBXNativeTarget;
			buildConfigurationList = 246F8290193C0070004BC311 /* Build configuration list for PBXNativeTarget "proximityTests" */;
			buildPhases = (
				246F8278193C0070004BC311 /* Sources */,
				246F8279193C0070004BC311 /* Frameworks */,
				246F827A193C0070004BC311 /* Resources */,
			);
			buildRules = (
			);
			dependencies = (
				246F8282193C0070004BC311 /* PBXTargetDependency */,
			);
			name = proximityTests;
			productName = proximityTests;
			productReference = 246F827C193C0070004BC311 /* proximityTests.xctest */;
			productType = "com.apple.product-type.bundle.unit-test";
		};
/* End PBXNativeTarget section */

/* Begin PBXProject section */
		246F8253193C0070004BC311 /* Project object */ = {
			isa = PBXProject;
			attributes = {
				LastUpgradeCheck = 0510;
				ORGANIZATIONNAME = "Nikhil jain";
				TargetAttributes = {
					246F827B193C0070004BC311 = {
						TestTargetID = 246F825A193C0070004BC311;
					};
				};
			};
			buildConfigurationList = 246F8256193C0070004BC311 /* Build configuration list for PBXProject "proximity" */;
			compatibilityVersion = "Xcode 3.2";
			developmentRegion = English;
			hasScannedForEncodings = 0;
			knownRegions = (
				en,
				Base,
			);
			mainGroup = 246F8252193C0070004BC311;
			productRefGroup = 246F825C193C0070004BC311 /* Products */;
			projectDirPath = "";
			projectRoot = "";
			targets = (
				246F825A193C0070004BC311 /* proximity */,
				246F827B193C0070004BC311 /* proximityTests */,
			);
		};
/* End PBXProject section */

/* Begin PBXResourcesBuildPhase section */
		246F8259193C0070004BC311 /* Resources */ = {
			isa = PBXResourcesBuildPhase;
			buildActionMask = 2147483647;
			files = (
				544FF894193F5C9A00D5781E /* GCDWebUploader.bundle in Resources */,
				544FF85E193F5C2500D5781E /* ELCAssetTablePicker.xib in Resources */,
				544FF85C193F5C2500D5781E /* ELCAlbumPickerController.xib in Resources */,
				544FF85F193F5C2500D5781E /* Overlay.png in Resources */,
				246F8277193C0070004BC311 /* Images.xcassets in Resources */,
				246F8269193C0070004BC311 /* InfoPlist.strings in Resources */,
				544FF860193F5C2500D5781E /* Overlay@2x.png in Resources */,
				246F8272193C0070004BC311 /* Main.storyboard in Resources */,
				544FF85D193F5C2500D5781E /* ELCAssetPicker.xib in Resources */,
			);
			runOnlyForDeploymentPostprocessing = 0;
		};
		246F827A193C0070004BC311 /* Resources */ = {
			isa = PBXResourcesBuildPhase;
			buildActionMask = 2147483647;
			files = (
				246F8288193C0070004BC311 /* InfoPlist.strings in Resources */,
			);
			runOnlyForDeploymentPostprocessing = 0;
		};
/* End PBXResourcesBuildPhase section */

/* Begin PBXSourcesBuildPhase section */
		246F8257193C0070004BC311 /* Sources */ = {
			isa = PBXSourcesBuildPhase;
			buildActionMask = 2147483647;
			files = (
				544FF88D193F5C9A00D5781E /* GCDWebServerFileRequest.m in Sources */,
				544FF88F193F5C9A00D5781E /* GCDWebServerURLEncodedFormRequest.m in Sources */,
				544FF859193F5C2500D5781E /* ELCAssetCell.m in Sources */,
				544FF857193F5C2500D5781E /* ELCAlbumPickerController.m in Sources */,
				544FF88C193F5C9A00D5781E /* GCDWebServerDataRequest.m in Sources */,
				544FF889193F5C9A00D5781E /* GCDWebServerFunctions.m in Sources */,
				544FF891193F5C9A00D5781E /* GCDWebServerErrorResponse.m in Sources */,
				544FF85B193F5C2500D5781E /* ELCImagePickerController.m in Sources */,
				544FF85A193F5C2500D5781E /* ELCAssetTablePicker.m in Sources */,
				544FF88E193F5C9A00D5781E /* GCDWebServerMultiPartFormRequest.m in Sources */,
				544FF892193F5C9A00D5781E /* GCDWebServerFileResponse.m in Sources */,
				544FF858193F5C2500D5781E /* ELCAsset.m in Sources */,
				244480D5193C384600D50AAF /* Next.m in Sources */,
				544FF890193F5C9A00D5781E /* GCDWebServerDataResponse.m in Sources */,
				246F8275193C0070004BC311 /* ViewController.m in Sources */,
				544FF88A193F5C9A00D5781E /* GCDWebServerRequest.m in Sources */,
				246F826F193C0070004BC311 /* AppDelegate.m in Sources */,
				544FF895193F5C9A00D5781E /* GCDWebUploader.m in Sources */,
				544FF887193F5C9A00D5781E /* GCDWebServer.m in Sources */,
				544FF88B193F5C9A00D5781E /* GCDWebServerResponse.m in Sources */,
				246F826B193C0070004BC311 /* main.m in Sources */,
				544FF893193F5C9A00D5781E /* GCDWebServerStreamedResponse.m in Sources */,
				544FF888193F5C9A00D5781E /* GCDWebServerConnection.m in Sources */,
			);
			runOnlyForDeploymentPostprocessing = 0;
		};
		246F8278193C0070004BC311 /* Sources */ = {
			isa = PBXSourcesBuildPhase;
			buildActionMask = 2147483647;
			files = (
				246F828A193C0070004BC311 /* proximityTests.m in Sources */,
			);
			runOnlyForDeploymentPostprocessing = 0;
		};
/* End PBXSourcesBuildPhase section */

/* Begin PBXTargetDependency section */
		246F8282193C0070004BC311 /* PBXTargetDependency */ = {
			isa = PBXTargetDependency;
			target = 246F825A193C0070004BC311 /* proximity */;
			targetProxy = 246F8281193C0070004BC311 /* PBXContainerItemProxy */;
		};
/* End PBXTargetDependency section */

/* Begin PBXVariantGroup section */
		246F8267193C0070004BC311 /* InfoPlist.strings */ = {
			isa = PBXVariantGroup;
			children = (
				246F8268193C0070004BC311 /* en */,
			);
			name = InfoPlist.strings;
			sourceTree = "<group>";
		};
		246F8270193C0070004BC311 /* Main.storyboard */ = {
			isa = PBXVariantGroup;
			children = (
				246F8271193C0070004BC311 /* Base */,
			);
			name = Main.storyboard;
			sourceTree = "<group>";
		};
		246F8286193C0070004BC311 /* InfoPlist.strings */ = {
			isa = PBXVariantGroup;
			children = (
				246F8287193C0070004BC311 /* en */,
			);
			name = InfoPlist.strings;
			sourceTree = "<group>";
		};
/* End PBXVariantGroup section */

/* Begin XCBuildConfiguration section */
		246F828B193C0070004BC311 /* Debug */ = {
			isa = XCBuildConfiguration;
			buildSettings = {
				ALWAYS_SEARCH_USER_PATHS = NO;
				CLANG_CXX_LANGUAGE_STANDARD = "gnu++0x";
				CLANG_CXX_LIBRARY = "libc++";
				CLANG_ENABLE_MODULES = YES;
				CLANG_ENABLE_OBJC_ARC = YES;
				CLANG_WARN_BOOL_CONVERSION = YES;
				CLANG_WARN_CONSTANT_CONVERSION = YES;
				CLANG_WARN_DIRECT_OBJC_ISA_USAGE = YES_ERROR;
				CLANG_WARN_EMPTY_BODY = YES;
				CLANG_WARN_ENUM_CONVERSION = YES;
				CLANG_WARN_INT_CONVERSION = YES;
				CLANG_WARN_OBJC_ROOT_CLASS = YES_ERROR;
				CLANG_WARN__DUPLICATE_METHOD_MATCH = YES;
				CODE_SIGN_IDENTITY = "iPhone Developer: Anil Kumar (W8QF8UQKKF)";
				"CODE_SIGN_IDENTITY[sdk=iphoneos*]" = "iPhone Developer: Anil Kumar (W8QF8UQKKF)";
				COPY_PHASE_STRIP = NO;
				GCC_C_LANGUAGE_STANDARD = gnu99;
				GCC_DYNAMIC_NO_PIC = NO;
				GCC_OPTIMIZATION_LEVEL = 0;
				GCC_PREPROCESSOR_DEFINITIONS = (
					"DEBUG=1",
					"$(inherited)",
				);
				GCC_SYMBOLS_PRIVATE_EXTERN = NO;
				GCC_WARN_64_TO_32_BIT_CONVERSION = YES;
				GCC_WARN_ABOUT_RETURN_TYPE = YES_ERROR;
				GCC_WARN_UNDECLARED_SELECTOR = YES;
				GCC_WARN_UNINITIALIZED_AUTOS = YES_AGGRESSIVE;
				GCC_WARN_UNUSED_FUNCTION = YES;
				GCC_WARN_UNUSED_VARIABLE = YES;
				IPHONEOS_DEPLOYMENT_TARGET = 7.1;
				ONLY_ACTIVE_ARCH = YES;
				SDKROOT = iphoneos;
			};
			name = Debug;
		};
		246F828C193C0070004BC311 /* Release */ = {
			isa = XCBuildConfiguration;
			buildSettings = {
				ALWAYS_SEARCH_USER_PATHS = NO;
				CLANG_CXX_LANGUAGE_STANDARD = "gnu++0x";
				CLANG_CXX_LIBRARY = "libc++";
				CLANG_ENABLE_MODULES = YES;
				CLANG_ENABLE_OBJC_ARC = YES;
				CLANG_WARN_BOOL_CONVERSION = YES;
				CLANG_WARN_CONSTANT_CONVERSION = YES;
				CLANG_WARN_DIRECT_OBJC_ISA_USAGE = YES_ERROR;
				CLANG_WARN_EMPTY_BODY = YES;
				CLANG_WARN_ENUM_CONVERSION = YES;
				CLANG_WARN_INT_CONVERSION = YES;
				CLANG_WARN_OBJC_ROOT_CLASS = YES_ERROR;
				CLANG_WARN__DUPLICATE_METHOD_MATCH = YES;
				CODE_SIGN_IDENTITY = "iPhone Developer: Anil Kumar (W8QF8UQKKF)";
				"CODE_SIGN_IDENTITY[sdk=iphoneos*]" = "iPhone Developer: Anil Kumar (W8QF8UQKKF)";
				COPY_PHASE_STRIP = YES;
				ENABLE_NS_ASSERTIONS = NO;
				GCC_C_LANGUAGE_STANDARD = gnu99;
				GCC_WARN_64_TO_32_BIT_CONVERSION = YES;
				GCC_WARN_ABOUT_RETURN_TYPE = YES_ERROR;
				GCC_WARN_UNDECLARED_SELECTOR = YES;
				GCC_WARN_UNINITIALIZED_AUTOS = YES_AGGRESSIVE;
				GCC_WARN_UNUSED_FUNCTION = YES;
				GCC_WARN_UNUSED_VARIABLE = YES;
				IPHONEOS_DEPLOYMENT_TARGET = 7.1;
				SDKROOT = iphoneos;
				VALIDATE_PRODUCT = YES;
			};
			name = Release;
		};
		246F828E193C0070004BC311 /* Debug */ = {
			isa = XCBuildConfiguration;
			buildSettings = {
				ASSETCATALOG_COMPILER_APPICON_NAME = AppIcon;
				ASSETCATALOG_COMPILER_LAUNCHIMAGE_NAME = LaunchImage;
				CODE_SIGN_IDENTITY = "iPhone Developer: Anil Kumar (W8QF8UQKKF)";
				GCC_PRECOMPILE_PREFIX_HEADER = YES;
				GCC_PREFIX_HEADER = "proximity/proximity-Prefix.pch";
				INFOPLIST_FILE = "proximity/proximity-Info.plist";
				IPHONEOS_DEPLOYMENT_TARGET = 7.0;
				PRODUCT_NAME = "$(TARGET_NAME)";
				PROVISIONING_PROFILE = "4659F95B-94AE-4B16-AF1B-99B7AD787AB5";
				SDKROOT = iphoneos7.1;
				WRAPPER_EXTENSION = app;
			};
			name = Debug;
		};
		246F828F193C0070004BC311 /* Release */ = {
			isa = XCBuildConfiguration;
			buildSettings = {
				ASSETCATALOG_COMPILER_APPICON_NAME = AppIcon;
				ASSETCATALOG_COMPILER_LAUNCHIMAGE_NAME = LaunchImage;
				CODE_SIGN_IDENTITY = "iPhone Developer: Anil Kumar (W8QF8UQKKF)";
				GCC_PRECOMPILE_PREFIX_HEADER = YES;
				GCC_PREFIX_HEADER = "proximity/proximity-Prefix.pch";
				INFOPLIST_FILE = "proximity/proximity-Info.plist";
				IPHONEOS_DEPLOYMENT_TARGET = 7.0;
				PRODUCT_NAME = "$(TARGET_NAME)";
				PROVISIONING_PROFILE = "4659F95B-94AE-4B16-AF1B-99B7AD787AB5";
				SDKROOT = iphoneos7.1;
				WRAPPER_EXTENSION = app;
			};
			name = Release;
		};
		246F8291193C0070004BC311 /* Debug */ = {
			isa = XCBuildConfiguration;
			buildSettings = {
				BUNDLE_LOADER = "$(BUILT_PRODUCTS_DIR)/proximity.app/proximity";
				FRAMEWORK_SEARCH_PATHS = (
					"$(SDKROOT)/Developer/Library/Frameworks",
					"$(inherited)",
					"$(DEVELOPER_FRAMEWORKS_DIR)",
				);
				GCC_PRECOMPILE_PREFIX_HEADER = YES;
				GCC_PREFIX_HEADER = "proximity/proximity-Prefix.pch";
				GCC_PREPROCESSOR_DEFINITIONS = (
					"DEBUG=1",
					"$(inherited)",
				);
				INFOPLIST_FILE = "proximityTests/proximityTests-Info.plist";
				PRODUCT_NAME = "$(TARGET_NAME)";
				TEST_HOST = "$(BUNDLE_LOADER)";
				WRAPPER_EXTENSION = xctest;
			};
			name = Debug;
		};
		246F8292193C0070004BC311 /* Release */ = {
			isa = XCBuildConfiguration;
			buildSettings = {
				BUNDLE_LOADER = "$(BUILT_PRODUCTS_DIR)/proximity.app/proximity";
				FRAMEWORK_SEARCH_PATHS = (
					"$(SDKROOT)/Developer/Library/Frameworks",
					"$(inherited)",
					"$(DEVELOPER_FRAMEWORKS_DIR)",
				);
				GCC_PRECOMPILE_PREFIX_HEADER = YES;
				GCC_PREFIX_HEADER = "proximity/proximity-Prefix.pch";
				INFOPLIST_FILE = "proximityTests/proximityTests-Info.plist";
				PRODUCT_NAME = "$(TARGET_NAME)";
				TEST_HOST = "$(BUNDLE_LOADER)";
				WRAPPER_EXTENSION = xctest;
			};
			name = Release;
		};
/* End XCBuildConfiguration section */

/* Begin XCConfigurationList section */
		246F8256193C0070004BC311 /* Build configuration list for PBXProject "proximity" */ = {
			isa = XCConfigurationList;
			buildConfigurations = (
				246F828B193C0070004BC311 /* Debug */,
				246F828C193C0070004BC311 /* Release */,
			);
			defaultConfigurationIsVisible = 0;
			defaultConfigurationName = Release;
		};
		246F828D193C0070004BC311 /* Build configuration list for PBXNativeTarget "proximity" */ = {
			isa = XCConfigurationList;
			buildConfigurations = (
				246F828E193C0070004BC311 /* Debug */,
				246F828F193C0070004BC311 /* Release */,
			);
			defaultConfigurationIsVisible = 0;
			defaultConfigurationName = Release;
		};
		246F8290193C0070004BC311 /* Build configuration list for PBXNativeTarget "proximityTests" */ = {
			isa = XCConfigurationList;
			buildConfigurations = (
				246F8291193C0070004BC311 /* Debug */,
				246F8292193C0070004BC311 /* Release */,
			);
			defaultConfigurationIsVisible = 0;
			defaultConfigurationName = Release;
		};
/* End XCConfigurationList section */
	};
	rootObject = 246F8253193C0070004BC311 /* Project object */;
}
